
Microsoft Visual Studio Solution File, Format Version 12.00
# Visual Studio Version 17
VisualStudioVersion = 17.14.36603.0 d17.14
MinimumVisualStudioVersion = 10.0.40219.1
Project("{FAE04EC0-301F-11D3-BF4B-00C04F79EFBC}") = "BankSysteam.Api", "BankSysteam.Api\BankSysteam.Api.csproj", "{612FFB2F-5A67-4E72-B66E-525C466CF715}"
EndProject
Global
	GlobalSection(SolutionConfigurationPlatforms) = preSolution
		Debug|Any CPU = Debug|Any CPU
		Release|Any CPU = Release|Any CPU
	EndGlobalSection
	GlobalSection(ProjectConfigurationPlatforms) = postSolution
		{612FFB2F-5A67-4E72-B66E-525C466CF715}.Debug|Any CPU.ActiveCfg = Debug|Any CPU
		{612FFB2F-5A67-4E72-B66E-525C466CF715}.Debug|Any CPU.Build.0 = Debug|Any CPU
		{612FFB2F-5A67-4E72-B66E-525C466CF715}.Release|Any CPU.ActiveCfg = Release|Any CPU
		{612FFB2F-5A67-4E72-B66E-525C466CF715}.Release|Any CPU.Build.0 = Release|Any CPU
	EndGlobalSection
	GlobalSection(SolutionProperties) = preSolution
		HideSolutionNode = FALSE
	EndGlobalSection
	GlobalSection(ExtensibilityGlobals) = postSolution
		SolutionGuid = {18E6B066-5104-4384-B1B8-1AFE0D38F84E}
	EndGlobalSection
EndGlobal
